github.com/mirzaq19/go-sayhello-module v1.0.1 h1:xPeGOnLDj0j85aCl14FVBOhugso+KOQYPnkFNZhG1MQ=
github.com/mirzaq19/go-sayhello-module v1.0.1/go.mod h1:JHl9GQhoenSRCjEhOJcroamay7tHL6TYm7WqO3Ec7Yk=
github.com/mirzaq19/go-sayhello-module v1.0.2 h1:0fBAfg58OodJDuECqNC7JymXf8zugKhVJvQaYv4Hrzk=
github.com/mirzaq19/go-sayhello-module v1.0.2/go.mod h1:JHl9GQhoenSRCjEhOJcroamay7tHL6TYm7WqO3Ec7Yk=
